
Microsoft Visual Studio Solution File, Format Version 12.00
# Visual Studio 2012
Project("{FAE04EC0-301F-11D3-BF4B-00C04F79EFBC}") = "BasicPrismTutorial", "BasicPrismTutorial\BasicPrismTutorial.csproj", "{BFBA88C5-F877-484D-A115-09C0FE584BCC}"
EndProject
Project("{FAE04EC0-301F-11D3-BF4B-00C04F79EFBC}") = "PrismTestModule", "Modules\PrismTestModule.csproj", "{6D08FD98-85AC-4811-82C0-2E972333B687}"
EndProject
Project("{FAE04EC0-301F-11D3-BF4B-00C04F79EFBC}") = "PrismTestUtilities", "PrismTestUtilities\PrismTestUtilities.csproj", "{2CFC89D9-5889-4BCB-95E8-72193266698A}"
EndProject
Global
	GlobalSection(SolutionConfigurationPlatforms) = preSolution
		Debug|Any CPU = Debug|Any CPU
		Release|Any CPU = Release|Any CPU
	EndGlobalSection
	GlobalSection(ProjectConfigurationPlatforms) = postSolution
		{BFBA88C5-F877-484D-A115-09C0FE584BCC}.Debug|Any CPU.ActiveCfg = Debug|Any CPU
		{BFBA88C5-F877-484D-A115-09C0FE584BCC}.Debug|Any CPU.Build.0 = Debug|Any CPU
		{BFBA88C5-F877-484D-A115-09C0FE584BCC}.Release|Any CPU.ActiveCfg = Release|Any CPU
		{BFBA88C5-F877-484D-A115-09C0FE584BCC}.Release|Any CPU.Build.0 = Release|Any CPU
		{6D08FD98-85AC-4811-82C0-2E972333B687}.Debug|Any CPU.ActiveCfg = Debug|Any CPU
		{6D08FD98-85AC-4811-82C0-2E972333B687}.Debug|Any CPU.Build.0 = Debug|Any CPU
		{6D08FD98-85AC-4811-82C0-2E972333B687}.Release|Any CPU.ActiveCfg = Release|Any CPU
		{6D08FD98-85AC-4811-82C0-2E972333B687}.Release|Any CPU.Build.0 = Release|Any CPU
		{2CFC89D9-5889-4BCB-95E8-72193266698A}.Debug|Any CPU.ActiveCfg = Debug|Any CPU
		{2CFC89D9-5889-4BCB-95E8-72193266698A}.Debug|Any CPU.Build.0 = Debug|Any CPU
		{2CFC89D9-5889-4BCB-95E8-72193266698A}.Release|Any CPU.ActiveCfg = Release|Any CPU
		{2CFC89D9-5889-4BCB-95E8-72193266698A}.Release|Any CPU.Build.0 = Release|Any CPU
	EndGlobalSection
	GlobalSection(SolutionProperties) = preSolution
		HideSolutionNode = FALSE
	EndGlobalSection
EndGlobal
